<?xml version="1.0" encoding="UTF-8" standalone="yes" ?>
<CodeBlocks_project_file>
	<FileVersion major="1" minor="6" />
	<Project>
		<Option title="LCS" />
		<Option pch_mode="2" />
		<Option compiler="gcc" />
		<Build>
			<Target title="棣柏格">
				<Option output="白呢蕤/棣柏格/LCS" prefix_auto="1" extension_auto="1" />
				<Option object_output="啊帛劫坷忒/棣柏格/" />
				<Option type="1" />
				<Option compiler="gcc" />
				<Compiler>
					<Add option="-g" />
				</Compiler>
			</Target>
			<Target title="緌綟絲">
				<Option output="白呢蕤/緌綟絲/LCS" prefix_auto="1" extension_auto="1" />
				<Option object_output="啊帛劫坷忒/緌綟絲/" />
				<Option type="1" />
				<Option compiler="gcc" />
				<Compiler>
					<Add option="-O2" />
				</Compiler>
				<Linker>
					<Add option="-s" />
				</Linker>
			</Target>
		</Build>
		<Compiler>
			<Add option="-Wall" />
			<Add option="-fexceptions" />
		</Compiler>
		<Unit filename="main.cpp" />
		<Extensions>
			<code_completion />
			<envvars />
			<debugger />
		</Extensions>
	</Project>
</CodeBlocks_project_file>
